
Microsoft Visual Studio Solution File, Format Version 12.00
# Visual Studio Version 16
VisualStudioVersion = 16.0.32407.337
MinimumVisualStudioVersion = 10.0.40219.1
Project("{FAE04EC0-301F-11D3-BF4B-00C04F79EFBC}") = "AkilliCase", "AkilliCase\AkilliCase.csproj", "{B1F42E84-5578-4E15-BB33-78A6BA95B8D6}"
EndProject
Global
	GlobalSection(SolutionConfigurationPlatforms) = preSolution
		Debug|Any CPU = Debug|Any CPU
		Release|Any CPU = Release|Any CPU
	EndGlobalSection
	GlobalSection(ProjectConfigurationPlatforms) = postSolution
		{B1F42E84-5578-4E15-BB33-78A6BA95B8D6}.Debug|Any CPU.ActiveCfg = Debug|Any CPU
		{B1F42E84-5578-4E15-BB33-78A6BA95B8D6}.Debug|Any CPU.Build.0 = Debug|Any CPU
		{B1F42E84-5578-4E15-BB33-78A6BA95B8D6}.Release|Any CPU.ActiveCfg = Release|Any CPU
		{B1F42E84-5578-4E15-BB33-78A6BA95B8D6}.Release|Any CPU.Build.0 = Release|Any CPU
	EndGlobalSection
	GlobalSection(SolutionProperties) = preSolution
		HideSolutionNode = FALSE
	EndGlobalSection
	GlobalSection(ExtensibilityGlobals) = postSolution
		SolutionGuid = {5C45043E-2E23-438A-AB10-538FE3028CC3}
	EndGlobalSection
EndGlobal
